
Microsoft Visual Studio Solution File, Format Version 12.00
# Visual Studio 15
VisualStudioVersion = 15.0.28307.136
MinimumVisualStudioVersion = 10.0.40219.1
Project("{FAE04EC0-301F-11D3-BF4B-00C04F79EFBC}") = "csharp_webapi_authentication", "csharp_webapi_authentication\csharp_webapi_authentication.csproj", "{77BCCD29-37B9-4306-8E72-0ABD25AE40B2}"
EndProject
Global
	GlobalSection(SolutionConfigurationPlatforms) = preSolution
		Debug|Any CPU = Debug|Any CPU
		Release|Any CPU = Release|Any CPU
	EndGlobalSection
	GlobalSection(ProjectConfigurationPlatforms) = postSolution
		{77BCCD29-37B9-4306-8E72-0ABD25AE40B2}.Debug|Any CPU.ActiveCfg = Debug|Any CPU
		{77BCCD29-37B9-4306-8E72-0ABD25AE40B2}.Debug|Any CPU.Build.0 = Debug|Any CPU
		{77BCCD29-37B9-4306-8E72-0ABD25AE40B2}.Release|Any CPU.ActiveCfg = Release|Any CPU
		{77BCCD29-37B9-4306-8E72-0ABD25AE40B2}.Release|Any CPU.Build.0 = Release|Any CPU
	EndGlobalSection
	GlobalSection(SolutionProperties) = preSolution
		HideSolutionNode = FALSE
	EndGlobalSection
	GlobalSection(ExtensibilityGlobals) = postSolution
		SolutionGuid = {23BBF763-2E37-4EC4-BB34-BB3307D88B6B}
	EndGlobalSection
EndGlobal
